github.com/Microsoft/go-winio v0.6.0 h1:slsWYD/zyx7lCXoZVlvQrj0hPTM1HI4+v1sIda2yDvg=
github.com/Microsoft/go-winio v0.6.0/go.mod h1:cTAf44im0RAYeL23bpB+fzCyDH2MJiz2BO69KH/soAE=
github.com/davidrenne/mangosServer/pub v0.0.0-20221108141107-8803a9cc7921 h1:yzmCX/Y4VdDj2wKqzV2mLSYNYLX6gOnGTmnfAh20pP4=
github.com/davidrenne/mangosServer/pub v0.0.0-20221108141107-8803a9cc7921/go.mod h1:88rOXLGHsEvdlxPH+eVceih6xe3KyuxWWP51Ui14gsM=
github.com/davidrenne/mangosServer/raw v0.0.0-20221108141107-8803a9cc7921 h1:Q8DqS/ZI9Q7C2FJnSEWjqlcaw/YxlFLH6mJYs4LzLUU=
github.com/davidrenne/mangosServer/raw v0.0.0-20221108141107-8803a9cc7921/go.mod h1:TUwXPofAVLFWyL3OmZq+ErmLvUqtYB1ODVS1yDOON7Y=
github.com/davidrenne/mangosServer/survey v0.0.0-20221108141107-8803a9cc7921 h1:2trGQzrUBmJVaJO9ckteCEpzFxaXtTfT0awHbs87ACU=
github.com/davidrenne/mangosServer/survey v0.0.0-20221108141107-8803a9cc7921/go.mod h1:ppivfoSwrStwxEahVfJjUWeOVWZWt0yU8vN9fDmt6II=
github.com/go-mangos/mangos v1.4.0 h1:mL0dJ3QAzkJlllli4Fgx4giccgMBgvzjD02/n2YaYjQ=
github.com/go-mangos/mangos v1.4.0/go.mod h1:YdIQuRLk16QkCaBzTrcXSxmOvvbzi6UE+JXQonzD/pc=
golang.org/x/mod v0.6.0 h1:b9gGHsz9/HhJ3HF5DHQytPpuwocVTChQJK3AvoLRD5I=
golang.org/x/mod v0.6.0/go.mod h1:4mET923SAdbXp2ki8ey+zGs1SLqsuM2Y0uvdZR/fUNI=
golang.org/x/sys v0.2.0 h1:ljd4t30dBnAvMZaQCevtY0xLLD0A+bRZXbgLMLU1F/A=
golang.org/x/sys v0.2.0/go.mod h1:oPkhp1MJrh7nUepCBck5+mAzfO9JrbApNNgaTdGDITg=
golang.org/x/tools v0.2.0 h1:G6AHpWxTMGY1KyEYoAQ5WTtIekUUvDNjan3ugu60JvE=
golang.org/x/tools v0.2.0/go.mod h1:y4OqIKeOV/fWJetJ8bXPU1sEVniLMIyDAZWeHdV+NTA=
nanomsg.org/go-mangos v1.4.0 h1:pVRLnzXePdSbhWlWdSncYszTagERhMG5zK/vXYmbEdM=
nanomsg.org/go-mangos v1.4.0/go.mod h1:MOor8xUIgwsRMPpLr9xQxe7bT7rciibScOqVyztNxHQ=
